
Microsoft Visual Studio Solution File, Format Version 11.00
# Visual Studio 2010
Project("{FAE04EC0-301F-11D3-BF4B-00C04F79EFBC}") = "GitHub Rainy Day", "Assembly-CSharp.csproj", "{4DDF27E3-C718-53BE-1461-BFB02627033B}"
EndProject
Project("{FAE04EC0-301F-11D3-BF4B-00C04F79EFBC}") = "GitHub Rainy Day", "Assembly-CSharp-firstpass.csproj", "{99921351-AF3B-D436-E7BE-888373CDC3E7}"
EndProject
Project("{FAE04EC0-301F-11D3-BF4B-00C04F79EFBC}") = "GitHub Rainy Day", "Assembly-CSharp-Editor.csproj", "{63CC179B-88FD-EDDE-C1CA-83345899C2FD}"
EndProject
Project("{FAE04EC0-301F-11D3-BF4B-00C04F79EFBC}") = "GitHub Rainy Day", "Assembly-CSharp-Editor-firstpass.csproj", "{7D2FD2CB-5B68-0817-09A0-768CB7F6354C}"
EndProject
Global
	GlobalSection(SolutionConfigurationPlatforms) = preSolution
		Debug|Any CPU = Debug|Any CPU
		Release|Any CPU = Release|Any CPU
	EndGlobalSection
	GlobalSection(ProjectConfigurationPlatforms) = postSolution
		{4DDF27E3-C718-53BE-1461-BFB02627033B}.Debug|Any CPU.ActiveCfg = Debug|Any CPU
		{4DDF27E3-C718-53BE-1461-BFB02627033B}.Debug|Any CPU.Build.0 = Debug|Any CPU
		{4DDF27E3-C718-53BE-1461-BFB02627033B}.Release|Any CPU.ActiveCfg = Release|Any CPU
		{4DDF27E3-C718-53BE-1461-BFB02627033B}.Release|Any CPU.Build.0 = Release|Any CPU
		{99921351-AF3B-D436-E7BE-888373CDC3E7}.Debug|Any CPU.ActiveCfg = Debug|Any CPU
		{99921351-AF3B-D436-E7BE-888373CDC3E7}.Debug|Any CPU.Build.0 = Debug|Any CPU
		{99921351-AF3B-D436-E7BE-888373CDC3E7}.Release|Any CPU.ActiveCfg = Release|Any CPU
		{99921351-AF3B-D436-E7BE-888373CDC3E7}.Release|Any CPU.Build.0 = Release|Any CPU
		{63CC179B-88FD-EDDE-C1CA-83345899C2FD}.Debug|Any CPU.ActiveCfg = Debug|Any CPU
		{63CC179B-88FD-EDDE-C1CA-83345899C2FD}.Debug|Any CPU.Build.0 = Debug|Any CPU
		{63CC179B-88FD-EDDE-C1CA-83345899C2FD}.Release|Any CPU.ActiveCfg = Release|Any CPU
		{63CC179B-88FD-EDDE-C1CA-83345899C2FD}.Release|Any CPU.Build.0 = Release|Any CPU
		{7D2FD2CB-5B68-0817-09A0-768CB7F6354C}.Debug|Any CPU.ActiveCfg = Debug|Any CPU
		{7D2FD2CB-5B68-0817-09A0-768CB7F6354C}.Debug|Any CPU.Build.0 = Debug|Any CPU
		{7D2FD2CB-5B68-0817-09A0-768CB7F6354C}.Release|Any CPU.ActiveCfg = Release|Any CPU
		{7D2FD2CB-5B68-0817-09A0-768CB7F6354C}.Release|Any CPU.Build.0 = Release|Any CPU
	EndGlobalSection
	GlobalSection(SolutionProperties) = preSolution
		HideSolutionNode = FALSE
	EndGlobalSection
	GlobalSection(MonoDevelopProperties) = preSolution
		StartupItem = Assembly-CSharp.csproj
	EndGlobalSection
EndGlobal
